
Microsoft Visual Studio Solution File, Format Version 12.00
# Visual Studio Version 17
VisualStudioVersion = 17.12.35527.113
MinimumVisualStudioVersion = 10.0.40219.1
Project("{FAE04EC0-301F-11D3-BF4B-00C04F79EFBC}") = "reviewexercises", "reviewexercises\reviewexercises.csproj", "{8EDE1B8E-3777-4328-8B2B-FBFD8EC2EFEA}"
EndProject
Project("{FAE04EC0-301F-11D3-BF4B-00C04F79EFBC}") = "MyLibrary", "LibraryMath\MyLibrary.csproj", "{5F1FAC45-42A4-422C-A992-259431F9F3B4}"
EndProject
Global
	GlobalSection(SolutionConfigurationPlatforms) = preSolution
		Debug|Any CPU = Debug|Any CPU
		Release|Any CPU = Release|Any CPU
	EndGlobalSection
	GlobalSection(ProjectConfigurationPlatforms) = postSolution
		{8EDE1B8E-3777-4328-8B2B-FBFD8EC2EFEA}.Debug|Any CPU.ActiveCfg = Debug|Any CPU
		{8EDE1B8E-3777-4328-8B2B-FBFD8EC2EFEA}.Debug|Any CPU.Build.0 = Debug|Any CPU
		{8EDE1B8E-3777-4328-8B2B-FBFD8EC2EFEA}.Release|Any CPU.ActiveCfg = Release|Any CPU
		{8EDE1B8E-3777-4328-8B2B-FBFD8EC2EFEA}.Release|Any CPU.Build.0 = Release|Any CPU
		{5F1FAC45-42A4-422C-A992-259431F9F3B4}.Debug|Any CPU.ActiveCfg = Debug|Any CPU
		{5F1FAC45-42A4-422C-A992-259431F9F3B4}.Debug|Any CPU.Build.0 = Debug|Any CPU
		{5F1FAC45-42A4-422C-A992-259431F9F3B4}.Release|Any CPU.ActiveCfg = Release|Any CPU
		{5F1FAC45-42A4-422C-A992-259431F9F3B4}.Release|Any CPU.Build.0 = Release|Any CPU
	EndGlobalSection
	GlobalSection(SolutionProperties) = preSolution
		HideSolutionNode = FALSE
	EndGlobalSection
EndGlobal
